# This file is generated by running "yarn install" inside your project.
# Manual changes might be lost - proceed with caution!

__metadata:
  version: 8
  cacheKey: 10c0

"tsc-example@workspace:.":
  version: 0.0.0-use.local
  resolution: "tsc-example@workspace:."
  dependencies:
    typescript: "npm:^5.2.2"
  languageName: unknown
  linkType: soft

"typescript@npm:^5.2.2":
  version: 5.3.2
  resolution: "typescript@npm:5.3.2"
  bin:
    tsc: bin/tsc
    tsserver: bin/tsserver
  checksum: d7dbe1fbe19039e36a65468ea64b5d338c976550394ba576b7af9c68ed40c0bc5d12ecce390e4b94b287a09a71bd3229f19c2d5680611f35b7c53a3898791159
  languageName: node
  linkType: hard

"typescript@patch:typescript@npm%3A^5.2.2#optional!builtin<compat/typescript>":
  version: 5.3.2
  resolution: "typescript@patch:typescript@npm%3A5.3.2#optional!builtin<compat/typescript>::version=5.3.2&hash=29ae49"
  bin:
    tsc: bin/tsc
    tsserver: bin/tsserver
  checksum: c81b9bd20c6dbe90fa43e876c586021447f2b47baede9fa542b1f56715835c043e23b2eaf19c42c067cc6f5ae512bd9a9be28a67b3a1d9807f8c9cfb1269875e
  languageName: node
  linkType: hard
